
Microsoft Visual Studio Solution File, Format Version 12.00
# Visual Studio Version 16
VisualStudioVersion = 16.0.29403.142
MinimumVisualStudioVersion = 10.0.40219.1
Project("{FAE04EC0-301F-11D3-BF4B-00C04F79EFBC}") = "csharp-calculator", "csharp-calculator\csharp-calculator.csproj", "{81648C30-EE79-4B49-AD8A-4B5C913B510C}"
EndProject
Global
	GlobalSection(SolutionConfigurationPlatforms) = preSolution
		Debug|Any CPU = Debug|Any CPU
		Release|Any CPU = Release|Any CPU
	EndGlobalSection
	GlobalSection(ProjectConfigurationPlatforms) = postSolution
		{81648C30-EE79-4B49-AD8A-4B5C913B510C}.Debug|Any CPU.ActiveCfg = Debug|Any CPU
		{81648C30-EE79-4B49-AD8A-4B5C913B510C}.Debug|Any CPU.Build.0 = Debug|Any CPU
		{81648C30-EE79-4B49-AD8A-4B5C913B510C}.Release|Any CPU.ActiveCfg = Release|Any CPU
		{81648C30-EE79-4B49-AD8A-4B5C913B510C}.Release|Any CPU.Build.0 = Release|Any CPU
	EndGlobalSection
	GlobalSection(SolutionProperties) = preSolution
		HideSolutionNode = FALSE
	EndGlobalSection
	GlobalSection(ExtensibilityGlobals) = postSolution
		SolutionGuid = {41CFA984-748F-45A3-8AB8-3D9EA23AA195}
	EndGlobalSection
EndGlobal
